Microsoft Visual Studio Solution File, Format Version 12.00
# Visual Studio 15
VisualStudioVersion = 15.0.28307.329
MinimumVisualStudioVersion = 10.0.40219.1
Project("{9A19103F-16F7-4668-BE54-9A1E7A4F7556}") = "api-test", "api-test\api-test.csproj", "{14551395-2958-467B-B787-B27B119B98E6}"
EndProject
Project("{2150E333-8FDC-42A3-9474-1A3956D46DE8}") = "Solution Items", "Solution Items", "{8B1A7B59-B856-4ED6-8E0C-66ACF2139B5D}"
	ProjectSection(SolutionItems) = preProject
		.deployment = .deployment
		deploy.sh = deploy.sh
	EndProjectSection
EndProject
Project("{9A19103F-16F7-4668-BE54-9A1E7A4F7556}") = "api-test.integration-tests", "tests\api-test.integration-tests\api-test.integration-tests.csproj", "{061FF55F-3819-40A9-984D-2CF20935D0DA}"
EndProject
Project("{9A19103F-16F7-4668-BE54-9A1E7A4F7556}") = "api-test.unit-tests", "tests\api-test-test\api-test.unit-tests.csproj", "{1BAD4E33-6DF7-4875-8ABC-3FE980324128}"
EndProject
Global
	GlobalSection(SolutionConfigurationPlatforms) = preSolution
		Debug|Any CPU = Debug|Any CPU
		Release|Any CPU = Release|Any CPU
	EndGlobalSection
	GlobalSection(ProjectConfigurationPlatforms) = postSolution
		{14551395-2958-467B-B787-B27B119B98E6}.Debug|Any CPU.ActiveCfg = Debug|Any CPU
		{14551395-2958-467B-B787-B27B119B98E6}.Debug|Any CPU.Build.0 = Debug|Any CPU
		{14551395-2958-467B-B787-B27B119B98E6}.Release|Any CPU.ActiveCfg = Release|Any CPU
		{14551395-2958-467B-B787-B27B119B98E6}.Release|Any CPU.Build.0 = Release|Any CPU
		{061FF55F-3819-40A9-984D-2CF20935D0DA}.Debug|Any CPU.ActiveCfg = Debug|Any CPU
		{061FF55F-3819-40A9-984D-2CF20935D0DA}.Debug|Any CPU.Build.0 = Debug|Any CPU
		{061FF55F-3819-40A9-984D-2CF20935D0DA}.Release|Any CPU.ActiveCfg = Release|Any CPU
		{061FF55F-3819-40A9-984D-2CF20935D0DA}.Release|Any CPU.Build.0 = Release|Any CPU
		{1BAD4E33-6DF7-4875-8ABC-3FE980324128}.Debug|Any CPU.ActiveCfg = Debug|Any CPU
		{1BAD4E33-6DF7-4875-8ABC-3FE980324128}.Debug|Any CPU.Build.0 = Debug|Any CPU
		{1BAD4E33-6DF7-4875-8ABC-3FE980324128}.Release|Any CPU.ActiveCfg = Release|Any CPU
		{1BAD4E33-6DF7-4875-8ABC-3FE980324128}.Release|Any CPU.Build.0 = Release|Any CPU
	EndGlobalSection
	GlobalSection(SolutionProperties) = preSolution
		HideSolutionNode = FALSE
	EndGlobalSection
	GlobalSection(ExtensibilityGlobals) = postSolution
		SolutionGuid = {CD25078A-22F7-4A6F-B4CB-47B4B01DF82E}
	EndGlobalSection
EndGlobal
